
Microsoft Visual Studio Solution File, Format Version 12.00
# Visual Studio 2013
VisualStudioVersion = 12.0.30501.0
MinimumVisualStudioVersion = 10.0.40219.1
Project("{FAE04EC0-301F-11D3-BF4B-00C04F79EFBC}") = "DulceCor(final)", "DulceCor(final)\DulceCor(final).csproj", "{D0E3161B-321F-4BA2-BF8A-30273C56FFF1}"
EndProject
Project("{FAE04EC0-301F-11D3-BF4B-00C04F79EFBC}") = "DulceCorNeg", "DulceCorNeg\DulceCorNeg.csproj", "{0BC90084-3781-4E40-B81C-8871AC2259EF}"
EndProject
Project("{FAE04EC0-301F-11D3-BF4B-00C04F79EFBC}") = "DulceCorEnt", "DulceCorEnt\DulceCorEnt.csproj", "{C2ABEB41-91D4-4B13-B2AF-304DE6181FD8}"
EndProject
Global
	GlobalSection(SolutionConfigurationPlatforms) = preSolution
		Debug|Any CPU = Debug|Any CPU
		Release|Any CPU = Release|Any CPU
	EndGlobalSection
	GlobalSection(ProjectConfigurationPlatforms) = postSolution
		{D0E3161B-321F-4BA2-BF8A-30273C56FFF1}.Debug|Any CPU.ActiveCfg = Debug|Any CPU
		{D0E3161B-321F-4BA2-BF8A-30273C56FFF1}.Debug|Any CPU.Build.0 = Debug|Any CPU
		{D0E3161B-321F-4BA2-BF8A-30273C56FFF1}.Release|Any CPU.ActiveCfg = Release|Any CPU
		{D0E3161B-321F-4BA2-BF8A-30273C56FFF1}.Release|Any CPU.Build.0 = Release|Any CPU
		{0BC90084-3781-4E40-B81C-8871AC2259EF}.Debug|Any CPU.ActiveCfg = Debug|Any CPU
		{0BC90084-3781-4E40-B81C-8871AC2259EF}.Debug|Any CPU.Build.0 = Debug|Any CPU
		{0BC90084-3781-4E40-B81C-8871AC2259EF}.Release|Any CPU.ActiveCfg = Release|Any CPU
		{0BC90084-3781-4E40-B81C-8871AC2259EF}.Release|Any CPU.Build.0 = Release|Any CPU
		{C2ABEB41-91D4-4B13-B2AF-304DE6181FD8}.Debug|Any CPU.ActiveCfg = Debug|Any CPU
		{C2ABEB41-91D4-4B13-B2AF-304DE6181FD8}.Debug|Any CPU.Build.0 = Debug|Any CPU
		{C2ABEB41-91D4-4B13-B2AF-304DE6181FD8}.Release|Any CPU.ActiveCfg = Release|Any CPU
		{C2ABEB41-91D4-4B13-B2AF-304DE6181FD8}.Release|Any CPU.Build.0 = Release|Any CPU
	EndGlobalSection
	GlobalSection(SolutionProperties) = preSolution
		HideSolutionNode = FALSE
	EndGlobalSection
EndGlobal
